
Microsoft Visual Studio Solution File, Format Version 12.00
# Visual Studio Version 17
VisualStudioVersion = 17.3.32819.101
MinimumVisualStudioVersion = 10.0.40219.1
Project("{FAE04EC0-301F-11D3-BF4B-00C04F79EFBC}") = "WinFormsApp2", "WinFormsApp2\WinFormsApp2.csproj", "{B4FAA1A2-EAFF-49F3-86BC-9F89E3AA9C2D}"
EndProject
Global
	GlobalSection(SolutionConfigurationPlatforms) = preSolution
		Debug|Any CPU = Debug|Any CPU
		Release|Any CPU = Release|Any CPU
	EndGlobalSection
	GlobalSection(ProjectConfigurationPlatforms) = postSolution
		{B4FAA1A2-EAFF-49F3-86BC-9F89E3AA9C2D}.Debug|Any CPU.ActiveCfg = Debug|Any CPU
		{B4FAA1A2-EAFF-49F3-86BC-9F89E3AA9C2D}.Debug|Any CPU.Build.0 = Debug|Any CPU
		{B4FAA1A2-EAFF-49F3-86BC-9F89E3AA9C2D}.Release|Any CPU.ActiveCfg = Release|Any CPU
		{B4FAA1A2-EAFF-49F3-86BC-9F89E3AA9C2D}.Release|Any CPU.Build.0 = Release|Any CPU
	EndGlobalSection
	GlobalSection(SolutionProperties) = preSolution
		HideSolutionNode = FALSE
	EndGlobalSection
	GlobalSection(ExtensibilityGlobals) = postSolution
		SolutionGuid = {4EFDEA57-C46A-4581-840B-265FF30E7948}
	EndGlobalSection
EndGlobal
